{
  "version": 4,
  "terraform_version": "1.0.3",
  "serial": 7,
  "lineage": "4fb4da5c-b455-6c85-f613-f5fb06c7756d",
  "outputs": {
    "vpc_cidr": {
      "value": "10.1.0.0/16",
      "type": "string"
    },
    "vpc_id": {
      "value": "vpc-0e1783dd2f3918c8b",
      "type": "string"
    }
  },
  "resources": [
    {
      "mode": "managed",
      "type": "aws_vpc",
      "name": "my_vpc",
      "provider": "provider[\"registry.terraform.io/hashicorp/aws\"]",
      "instances": [
        {
          "schema_version": 1,
          "attributes": {
            "arn": "arn:aws:ec2:ap-south-1:106489178346:vpc/vpc-0e1783dd2f3918c8b",
            "assign_generated_ipv6_cidr_block": false,
            "cidr_block": "10.1.0.0/16",
            "default_network_acl_id": "acl-0f1823e950b383a13",
            "default_route_table_id": "rtb-036ff71372a54b9e9",
            "default_security_group_id": "sg-08416f1457f0fe838",
            "dhcp_options_id": "dopt-536fca38",
            "enable_classiclink": null,
            "enable_classiclink_dns_support": null,
            "enable_dns_hostnames": false,
            "enable_dns_support": true,
            "id": "vpc-0e1783dd2f3918c8b",
            "instance_tenancy": "default",
            "ipv6_association_id": "",
            "ipv6_cidr_block": "",
            "main_route_table_id": "rtb-036ff71372a54b9e9",
            "owner_id": "106489178346",
            "tags": {
              "Location": "India",
              "Name": "my_vpc"
            },
            "tags_all": {
              "Location": "India",
              "Name": "my_vpc"
            }
          },
          "sensitive_attributes": [],
          "private": "eyJzY2hlbWFfdmVyc2lvbiI6IjEifQ=="
        }
      ]
    }
  ]
}
